
Microsoft Visual Studio Solution File, Format Version 12.00
# Visual Studio Version 17
VisualStudioVersion = 17.9.34728.123
MinimumVisualStudioVersion = 10.0.40219.1
Project("{9A19103F-16F7-4668-BE54-9A1E7A4F7556}") = "Dominio", "Domain\Dominio.csproj", "{29B3981A-CA5E-4121-8554-25E2484D449C}"
EndProject
Project("{9A19103F-16F7-4668-BE54-9A1E7A4F7556}") = "API", "API\API.csproj", "{1686DF23-C00E-467C-9431-3C4CFF4AEA0D}"
EndProject
Project("{9A19103F-16F7-4668-BE54-9A1E7A4F7556}") = "Domain.Tests", "Domain.Tests\Domain.Tests.csproj", "{CFE6F13D-24A0-4E6B-80F5-C3B3B6554552}"
EndProject
Project("{FAE04EC0-301F-11D3-BF4B-00C04F79EFBC}") = "Application", "Application\Application.csproj", "{33595403-6832-433E-B48D-519E00E0239F}"
EndProject
Project("{FAE04EC0-301F-11D3-BF4B-00C04F79EFBC}") = "Applicantion.Tests", "Applicantion.Tests\Applicantion.Tests.csproj", "{5DA3B4A9-8A4A-4E2C-B21E-AB65D7084037}"
EndProject
Project("{2150E333-8FDC-42A3-9474-1A3956D46DE8}") = "src", "src", "{3295F1FD-9E4D-417D-BAE0-040234307FD5}"
EndProject
Project("{2150E333-8FDC-42A3-9474-1A3956D46DE8}") = "testes", "testes", "{A9CEC8F4-6F49-425C-B36D-6BD217840FB7}"
EndProject
Project("{2150E333-8FDC-42A3-9474-1A3956D46DE8}") = "core", "core", "{52ABBE07-68FC-4D32-9BCF-85D603520DB8}"
EndProject
Project("{2150E333-8FDC-42A3-9474-1A3956D46DE8}") = "adapters", "adapters", "{A0FC3AF9-F004-489F-BC6F-573240CDE5EA}"
EndProject
Project("{FAE04EC0-301F-11D3-BF4B-00C04F79EFBC}") = "Infra", "Infra\Infra.csproj", "{32FA6A1B-F4B1-481D-85AB-7C0E2EA03EAF}"
EndProject
Project("{2150E333-8FDC-42A3-9474-1A3956D46DE8}") = "Driven", "Driven", "{D7D9D30D-B292-4D50-86D8-95546BA5278A}"
EndProject
Project("{2150E333-8FDC-42A3-9474-1A3956D46DE8}") = "Driver", "Driver", "{4F4220F9-6F45-491F-B59E-A920B2D7C562}"
EndProject
Global
	GlobalSection(SolutionConfigurationPlatforms) = preSolution
		Debug|Any CPU = Debug|Any CPU
		Release|Any CPU = Release|Any CPU
	EndGlobalSection
	GlobalSection(ProjectConfigurationPlatforms) = postSolution
		{29B3981A-CA5E-4121-8554-25E2484D449C}.Debug|Any CPU.ActiveCfg = Debug|Any CPU
		{29B3981A-CA5E-4121-8554-25E2484D449C}.Debug|Any CPU.Build.0 = Debug|Any CPU
		{29B3981A-CA5E-4121-8554-25E2484D449C}.Release|Any CPU.ActiveCfg = Release|Any CPU
		{29B3981A-CA5E-4121-8554-25E2484D449C}.Release|Any CPU.Build.0 = Release|Any CPU
		{1686DF23-C00E-467C-9431-3C4CFF4AEA0D}.Debug|Any CPU.ActiveCfg = Debug|Any CPU
		{1686DF23-C00E-467C-9431-3C4CFF4AEA0D}.Debug|Any CPU.Build.0 = Debug|Any CPU
		{1686DF23-C00E-467C-9431-3C4CFF4AEA0D}.Release|Any CPU.ActiveCfg = Release|Any CPU
		{1686DF23-C00E-467C-9431-3C4CFF4AEA0D}.Release|Any CPU.Build.0 = Release|Any CPU
		{CFE6F13D-24A0-4E6B-80F5-C3B3B6554552}.Debug|Any CPU.ActiveCfg = Debug|Any CPU
		{CFE6F13D-24A0-4E6B-80F5-C3B3B6554552}.Debug|Any CPU.Build.0 = Debug|Any CPU
		{CFE6F13D-24A0-4E6B-80F5-C3B3B6554552}.Release|Any CPU.ActiveCfg = Release|Any CPU
		{CFE6F13D-24A0-4E6B-80F5-C3B3B6554552}.Release|Any CPU.Build.0 = Release|Any CPU
		{33595403-6832-433E-B48D-519E00E0239F}.Debug|Any CPU.ActiveCfg = Debug|Any CPU
		{33595403-6832-433E-B48D-519E00E0239F}.Debug|Any CPU.Build.0 = Debug|Any CPU
		{33595403-6832-433E-B48D-519E00E0239F}.Release|Any CPU.ActiveCfg = Release|Any CPU
		{33595403-6832-433E-B48D-519E00E0239F}.Release|Any CPU.Build.0 = Release|Any CPU
		{5DA3B4A9-8A4A-4E2C-B21E-AB65D7084037}.Debug|Any CPU.ActiveCfg = Debug|Any CPU
		{5DA3B4A9-8A4A-4E2C-B21E-AB65D7084037}.Debug|Any CPU.Build.0 = Debug|Any CPU
		{5DA3B4A9-8A4A-4E2C-B21E-AB65D7084037}.Release|Any CPU.ActiveCfg = Release|Any CPU
		{5DA3B4A9-8A4A-4E2C-B21E-AB65D7084037}.Release|Any CPU.Build.0 = Release|Any CPU
		{32FA6A1B-F4B1-481D-85AB-7C0E2EA03EAF}.Debug|Any CPU.ActiveCfg = Debug|Any CPU
		{32FA6A1B-F4B1-481D-85AB-7C0E2EA03EAF}.Debug|Any CPU.Build.0 = Debug|Any CPU
		{32FA6A1B-F4B1-481D-85AB-7C0E2EA03EAF}.Release|Any CPU.ActiveCfg = Release|Any CPU
		{32FA6A1B-F4B1-481D-85AB-7C0E2EA03EAF}.Release|Any CPU.Build.0 = Release|Any CPU
	EndGlobalSection
	GlobalSection(SolutionProperties) = preSolution
		HideSolutionNode = FALSE
	EndGlobalSection
	GlobalSection(NestedProjects) = preSolution
		{29B3981A-CA5E-4121-8554-25E2484D449C} = {52ABBE07-68FC-4D32-9BCF-85D603520DB8}
		{1686DF23-C00E-467C-9431-3C4CFF4AEA0D} = {4F4220F9-6F45-491F-B59E-A920B2D7C562}
		{CFE6F13D-24A0-4E6B-80F5-C3B3B6554552} = {A9CEC8F4-6F49-425C-B36D-6BD217840FB7}
		{33595403-6832-433E-B48D-519E00E0239F} = {52ABBE07-68FC-4D32-9BCF-85D603520DB8}
		{5DA3B4A9-8A4A-4E2C-B21E-AB65D7084037} = {A9CEC8F4-6F49-425C-B36D-6BD217840FB7}
		{52ABBE07-68FC-4D32-9BCF-85D603520DB8} = {3295F1FD-9E4D-417D-BAE0-040234307FD5}
		{A0FC3AF9-F004-489F-BC6F-573240CDE5EA} = {3295F1FD-9E4D-417D-BAE0-040234307FD5}
		{32FA6A1B-F4B1-481D-85AB-7C0E2EA03EAF} = {D7D9D30D-B292-4D50-86D8-95546BA5278A}
		{D7D9D30D-B292-4D50-86D8-95546BA5278A} = {A0FC3AF9-F004-489F-BC6F-573240CDE5EA}
		{4F4220F9-6F45-491F-B59E-A920B2D7C562} = {A0FC3AF9-F004-489F-BC6F-573240CDE5EA}
	EndGlobalSection
	GlobalSection(ExtensibilityGlobals) = postSolution
		SolutionGuid = {0A6E4107-0D8A-4FEE-A99B-ED4C03CFC333}
	EndGlobalSection
EndGlobal
